
Microsoft Visual Studio Solution File, Format Version 12.00
# Visual Studio Version 16
VisualStudioVersion = 16.0.30717.126
MinimumVisualStudioVersion = 10.0.40219.1
Project("{FAE04EC0-301F-11D3-BF4B-00C04F79EFBC}") = "GigHub", "GigHub\GigHub.csproj", "{E94E01E6-8A03-4673-8CD2-ED3E683C35B6}"
EndProject
Global
	GlobalSection(SolutionConfigurationPlatforms) = preSolution
		Debug|Any CPU = Debug|Any CPU
		Release|Any CPU = Release|Any CPU
	EndGlobalSection
	GlobalSection(ProjectConfigurationPlatforms) = postSolution
		{E94E01E6-8A03-4673-8CD2-ED3E683C35B6}.Debug|Any CPU.ActiveCfg = Debug|Any CPU
		{E94E01E6-8A03-4673-8CD2-ED3E683C35B6}.Debug|Any CPU.Build.0 = Debug|Any CPU
		{E94E01E6-8A03-4673-8CD2-ED3E683C35B6}.Release|Any CPU.ActiveCfg = Release|Any CPU
		{E94E01E6-8A03-4673-8CD2-ED3E683C35B6}.Release|Any CPU.Build.0 = Release|Any CPU
	EndGlobalSection
	GlobalSection(SolutionProperties) = preSolution
		HideSolutionNode = FALSE
	EndGlobalSection
	GlobalSection(ExtensibilityGlobals) = postSolution
		SolutionGuid = {63EA5906-744F-4CEC-994D-35AF1F378F91}
	EndGlobalSection
EndGlobal
